
Microsoft Visual Studio Solution File, Format Version 12.00
# Visual Studio 15
VisualStudioVersion = 15.0.26124.0
MinimumVisualStudioVersion = 15.0.26124.0
Project("{2150E333-8FDC-42A3-9474-1A3956D46DE8}") = "src", "src", "{34925120-EA15-48FA-B86B-C82158A8A170}"
EndProject
Project("{FAE04EC0-301F-11D3-BF4B-00C04F79EFBC}") = "CouchSignal.API", "src\CouchSignal.API\CouchSignal.API.csproj", "{B33C704E-72DC-4DBE-8E58-8E61EBFDFA80}"
EndProject
Project("{FAE04EC0-301F-11D3-BF4B-00C04F79EFBC}") = "CouchSignal.CLI", "src\CouchSignal.CLI\CouchSignal.CLI.csproj", "{6C247AF9-0C23-4847-A1FD-3AE649C70917}"
EndProject
Project("{FAE04EC0-301F-11D3-BF4B-00C04F79EFBC}") = "CouchSignal.Core", "src\CouchSignal.Core\CouchSignal.Core.csproj", "{1897D784-C80F-4EFA-9A2F-74A225B547A5}"
EndProject
Project("{FAE04EC0-301F-11D3-BF4B-00C04F79EFBC}") = "CouchSignal.Infrastructure", "src\CouchSignal.Infrastructure\CouchSignal.Infrastructure.csproj", "{E45EAD3C-FECA-479A-8527-8B8B80E87E08}"
EndProject
Global
	GlobalSection(SolutionConfigurationPlatforms) = preSolution
		Debug|Any CPU = Debug|Any CPU
		Debug|x64 = Debug|x64
		Debug|x86 = Debug|x86
		Release|Any CPU = Release|Any CPU
		Release|x64 = Release|x64
		Release|x86 = Release|x86
	EndGlobalSection
	GlobalSection(SolutionProperties) = preSolution
		HideSolutionNode = FALSE
	EndGlobalSection
	GlobalSection(ProjectConfigurationPlatforms) = postSolution
		{B33C704E-72DC-4DBE-8E58-8E61EBFDFA80}.Debug|Any CPU.ActiveCfg = Debug|Any CPU
		{B33C704E-72DC-4DBE-8E58-8E61EBFDFA80}.Debug|Any CPU.Build.0 = Debug|Any CPU
		{B33C704E-72DC-4DBE-8E58-8E61EBFDFA80}.Debug|x64.ActiveCfg = Debug|Any CPU
		{B33C704E-72DC-4DBE-8E58-8E61EBFDFA80}.Debug|x64.Build.0 = Debug|Any CPU
		{B33C704E-72DC-4DBE-8E58-8E61EBFDFA80}.Debug|x86.ActiveCfg = Debug|Any CPU
		{B33C704E-72DC-4DBE-8E58-8E61EBFDFA80}.Debug|x86.Build.0 = Debug|Any CPU
		{B33C704E-72DC-4DBE-8E58-8E61EBFDFA80}.Release|Any CPU.ActiveCfg = Release|Any CPU
		{B33C704E-72DC-4DBE-8E58-8E61EBFDFA80}.Release|Any CPU.Build.0 = Release|Any CPU
		{B33C704E-72DC-4DBE-8E58-8E61EBFDFA80}.Release|x64.ActiveCfg = Release|Any CPU
		{B33C704E-72DC-4DBE-8E58-8E61EBFDFA80}.Release|x64.Build.0 = Release|Any CPU
		{B33C704E-72DC-4DBE-8E58-8E61EBFDFA80}.Release|x86.ActiveCfg = Release|Any CPU
		{B33C704E-72DC-4DBE-8E58-8E61EBFDFA80}.Release|x86.Build.0 = Release|Any CPU
		{6C247AF9-0C23-4847-A1FD-3AE649C70917}.Debug|Any CPU.ActiveCfg = Debug|Any CPU
		{6C247AF9-0C23-4847-A1FD-3AE649C70917}.Debug|Any CPU.Build.0 = Debug|Any CPU
		{6C247AF9-0C23-4847-A1FD-3AE649C70917}.Debug|x64.ActiveCfg = Debug|Any CPU
		{6C247AF9-0C23-4847-A1FD-3AE649C70917}.Debug|x64.Build.0 = Debug|Any CPU
		{6C247AF9-0C23-4847-A1FD-3AE649C70917}.Debug|x86.ActiveCfg = Debug|Any CPU
		{6C247AF9-0C23-4847-A1FD-3AE649C70917}.Debug|x86.Build.0 = Debug|Any CPU
		{6C247AF9-0C23-4847-A1FD-3AE649C70917}.Release|Any CPU.ActiveCfg = Release|Any CPU
		{6C247AF9-0C23-4847-A1FD-3AE649C70917}.Release|Any CPU.Build.0 = Release|Any CPU
		{6C247AF9-0C23-4847-A1FD-3AE649C70917}.Release|x64.ActiveCfg = Release|Any CPU
		{6C247AF9-0C23-4847-A1FD-3AE649C70917}.Release|x64.Build.0 = Release|Any CPU
		{6C247AF9-0C23-4847-A1FD-3AE649C70917}.Release|x86.ActiveCfg = Release|Any CPU
		{6C247AF9-0C23-4847-A1FD-3AE649C70917}.Release|x86.Build.0 = Release|Any CPU
		{1897D784-C80F-4EFA-9A2F-74A225B547A5}.Debug|Any CPU.ActiveCfg = Debug|Any CPU
		{1897D784-C80F-4EFA-9A2F-74A225B547A5}.Debug|Any CPU.Build.0 = Debug|Any CPU
		{1897D784-C80F-4EFA-9A2F-74A225B547A5}.Debug|x64.ActiveCfg = Debug|Any CPU
		{1897D784-C80F-4EFA-9A2F-74A225B547A5}.Debug|x64.Build.0 = Debug|Any CPU
		{1897D784-C80F-4EFA-9A2F-74A225B547A5}.Debug|x86.ActiveCfg = Debug|Any CPU
		{1897D784-C80F-4EFA-9A2F-74A225B547A5}.Debug|x86.Build.0 = Debug|Any CPU
		{1897D784-C80F-4EFA-9A2F-74A225B547A5}.Release|Any CPU.ActiveCfg = Release|Any CPU
		{1897D784-C80F-4EFA-9A2F-74A225B547A5}.Release|Any CPU.Build.0 = Release|Any CPU
		{1897D784-C80F-4EFA-9A2F-74A225B547A5}.Release|x64.ActiveCfg = Release|Any CPU
		{1897D784-C80F-4EFA-9A2F-74A225B547A5}.Release|x64.Build.0 = Release|Any CPU
		{1897D784-C80F-4EFA-9A2F-74A225B547A5}.Release|x86.ActiveCfg = Release|Any CPU
		{1897D784-C80F-4EFA-9A2F-74A225B547A5}.Release|x86.Build.0 = Release|Any CPU
		{E45EAD3C-FECA-479A-8527-8B8B80E87E08}.Debug|Any CPU.ActiveCfg = Debug|Any CPU
		{E45EAD3C-FECA-479A-8527-8B8B80E87E08}.Debug|Any CPU.Build.0 = Debug|Any CPU
		{E45EAD3C-FECA-479A-8527-8B8B80E87E08}.Debug|x64.ActiveCfg = Debug|Any CPU
		{E45EAD3C-FECA-479A-8527-8B8B80E87E08}.Debug|x64.Build.0 = Debug|Any CPU
		{E45EAD3C-FECA-479A-8527-8B8B80E87E08}.Debug|x86.ActiveCfg = Debug|Any CPU
		{E45EAD3C-FECA-479A-8527-8B8B80E87E08}.Debug|x86.Build.0 = Debug|Any CPU
		{E45EAD3C-FECA-479A-8527-8B8B80E87E08}.Release|Any CPU.ActiveCfg = Release|Any CPU
		{E45EAD3C-FECA-479A-8527-8B8B80E87E08}.Release|Any CPU.Build.0 = Release|Any CPU
		{E45EAD3C-FECA-479A-8527-8B8B80E87E08}.Release|x64.ActiveCfg = Release|Any CPU
		{E45EAD3C-FECA-479A-8527-8B8B80E87E08}.Release|x64.Build.0 = Release|Any CPU
		{E45EAD3C-FECA-479A-8527-8B8B80E87E08}.Release|x86.ActiveCfg = Release|Any CPU
		{E45EAD3C-FECA-479A-8527-8B8B80E87E08}.Release|x86.Build.0 = Release|Any CPU
	EndGlobalSection
	GlobalSection(NestedProjects) = preSolution
		{B33C704E-72DC-4DBE-8E58-8E61EBFDFA80} = {34925120-EA15-48FA-B86B-C82158A8A170}
		{6C247AF9-0C23-4847-A1FD-3AE649C70917} = {34925120-EA15-48FA-B86B-C82158A8A170}
		{1897D784-C80F-4EFA-9A2F-74A225B547A5} = {34925120-EA15-48FA-B86B-C82158A8A170}
		{E45EAD3C-FECA-479A-8527-8B8B80E87E08} = {34925120-EA15-48FA-B86B-C82158A8A170}
	EndGlobalSection
EndGlobal
